
Microsoft Visual Studio Solution File, Format Version 12.00
# Visual Studio 15
VisualStudioVersion = 15.0.28010.2041
MinimumVisualStudioVersion = 10.0.40219.1
Project("{FAE04EC0-301F-11D3-BF4B-00C04F79EFBC}") = "CSharpPathTracer", "CSharpPathTracer\CSharpPathTracer.csproj", "{4F52702E-7FD8-4922-8EDE-C809DE1CCA39}"
EndProject
Global
	GlobalSection(SolutionConfigurationPlatforms) = preSolution
		Debug|Any CPU = Debug|Any CPU
		Release|Any CPU = Release|Any CPU
	EndGlobalSection
	GlobalSection(ProjectConfigurationPlatforms) = postSolution
		{4F52702E-7FD8-4922-8EDE-C809DE1CCA39}.Debug|Any CPU.ActiveCfg = Debug|Any CPU
		{4F52702E-7FD8-4922-8EDE-C809DE1CCA39}.Debug|Any CPU.Build.0 = Debug|Any CPU
		{4F52702E-7FD8-4922-8EDE-C809DE1CCA39}.Release|Any CPU.ActiveCfg = Release|Any CPU
		{4F52702E-7FD8-4922-8EDE-C809DE1CCA39}.Release|Any CPU.Build.0 = Release|Any CPU
	EndGlobalSection
	GlobalSection(SolutionProperties) = preSolution
		HideSolutionNode = FALSE
	EndGlobalSection
	GlobalSection(ExtensibilityGlobals) = postSolution
		SolutionGuid = {04068995-2FBF-48E8-82AA-60949CF8BD42}
	EndGlobalSection
EndGlobal
